
Microsoft Visual Studio Solution File, Format Version 12.00
# Visual Studio Version 17
VisualStudioVersion = 17.0.32014.148
MinimumVisualStudioVersion = 10.0.40219.1
Project("{FAE04EC0-301F-11D3-BF4B-00C04F79EFBC}") = "Task_1", "Hometask_5\Task_1.csproj", "{A5EFC6A1-E140-453F-856D-B0F4B4CAE5CD}"
EndProject
Project("{FAE04EC0-301F-11D3-BF4B-00C04F79EFBC}") = "Task_2", "Task_2\Task_2.csproj", "{7BFDEB28-6DFB-4382-A535-1495A4E678C3}"
EndProject
Project("{FAE04EC0-301F-11D3-BF4B-00C04F79EFBC}") = "Task_3", "Task_3\Task_3.csproj", "{9A488106-95CB-4D81-8EB8-66C49574E4D7}"
EndProject
Global
	GlobalSection(SolutionConfigurationPlatforms) = preSolution
		Debug|Any CPU = Debug|Any CPU
		Release|Any CPU = Release|Any CPU
	EndGlobalSection
	GlobalSection(ProjectConfigurationPlatforms) = postSolution
		{A5EFC6A1-E140-453F-856D-B0F4B4CAE5CD}.Debug|Any CPU.ActiveCfg = Debug|Any CPU
		{A5EFC6A1-E140-453F-856D-B0F4B4CAE5CD}.Debug|Any CPU.Build.0 = Debug|Any CPU
		{A5EFC6A1-E140-453F-856D-B0F4B4CAE5CD}.Release|Any CPU.ActiveCfg = Release|Any CPU
		{A5EFC6A1-E140-453F-856D-B0F4B4CAE5CD}.Release|Any CPU.Build.0 = Release|Any CPU
		{7BFDEB28-6DFB-4382-A535-1495A4E678C3}.Debug|Any CPU.ActiveCfg = Debug|Any CPU
		{7BFDEB28-6DFB-4382-A535-1495A4E678C3}.Debug|Any CPU.Build.0 = Debug|Any CPU
		{7BFDEB28-6DFB-4382-A535-1495A4E678C3}.Release|Any CPU.ActiveCfg = Release|Any CPU
		{7BFDEB28-6DFB-4382-A535-1495A4E678C3}.Release|Any CPU.Build.0 = Release|Any CPU
		{9A488106-95CB-4D81-8EB8-66C49574E4D7}.Debug|Any CPU.ActiveCfg = Debug|Any CPU
		{9A488106-95CB-4D81-8EB8-66C49574E4D7}.Debug|Any CPU.Build.0 = Debug|Any CPU
		{9A488106-95CB-4D81-8EB8-66C49574E4D7}.Release|Any CPU.ActiveCfg = Release|Any CPU
		{9A488106-95CB-4D81-8EB8-66C49574E4D7}.Release|Any CPU.Build.0 = Release|Any CPU
	EndGlobalSection
	GlobalSection(SolutionProperties) = preSolution
		HideSolutionNode = FALSE
	EndGlobalSection
	GlobalSection(ExtensibilityGlobals) = postSolution
		SolutionGuid = {BFA9619C-E6F1-40BE-8A8D-09E5C6E79859}
	EndGlobalSection
EndGlobal
