
Microsoft Visual Studio Solution File, Format Version 12.00
# Visual Studio Version 17
VisualStudioVersion = 17.0.32014.148
MinimumVisualStudioVersion = 10.0.40219.1
Project("{FAE04EC0-301F-11D3-BF4B-00C04F79EFBC}") = "ConsoleApp1", "ConsoleApp1\ConsoleApp1.csproj", "{2621686A-C983-4EB4-83DA-EF354BB7D67F}"
EndProject
Project("{FAE04EC0-301F-11D3-BF4B-00C04F79EFBC}") = "Task_2", "Task_2\Task_2.csproj", "{5F254740-95CF-4B8B-A7AE-0AA19D37E20C}"
EndProject
Project("{FAE04EC0-301F-11D3-BF4B-00C04F79EFBC}") = "Task_3", "Task_3\Task_3.csproj", "{37C40B8B-39D1-4EEF-AA23-A6AEEBD1AE81}"
EndProject
Project("{FAE04EC0-301F-11D3-BF4B-00C04F79EFBC}") = "Task_4", "Task_4\Task_4.csproj", "{048CAC94-EF9E-4DBC-9D4E-9B8776C37758}"
EndProject
Global
	GlobalSection(SolutionConfigurationPlatforms) = preSolution
		Debug|Any CPU = Debug|Any CPU
		Release|Any CPU = Release|Any CPU
	EndGlobalSection
	GlobalSection(ProjectConfigurationPlatforms) = postSolution
		{2621686A-C983-4EB4-83DA-EF354BB7D67F}.Debug|Any CPU.ActiveCfg = Debug|Any CPU
		{2621686A-C983-4EB4-83DA-EF354BB7D67F}.Debug|Any CPU.Build.0 = Debug|Any CPU
		{2621686A-C983-4EB4-83DA-EF354BB7D67F}.Release|Any CPU.ActiveCfg = Release|Any CPU
		{2621686A-C983-4EB4-83DA-EF354BB7D67F}.Release|Any CPU.Build.0 = Release|Any CPU
		{5F254740-95CF-4B8B-A7AE-0AA19D37E20C}.Debug|Any CPU.ActiveCfg = Debug|Any CPU
		{5F254740-95CF-4B8B-A7AE-0AA19D37E20C}.Debug|Any CPU.Build.0 = Debug|Any CPU
		{5F254740-95CF-4B8B-A7AE-0AA19D37E20C}.Release|Any CPU.ActiveCfg = Release|Any CPU
		{5F254740-95CF-4B8B-A7AE-0AA19D37E20C}.Release|Any CPU.Build.0 = Release|Any CPU
		{37C40B8B-39D1-4EEF-AA23-A6AEEBD1AE81}.Debug|Any CPU.ActiveCfg = Debug|Any CPU
		{37C40B8B-39D1-4EEF-AA23-A6AEEBD1AE81}.Debug|Any CPU.Build.0 = Debug|Any CPU
		{37C40B8B-39D1-4EEF-AA23-A6AEEBD1AE81}.Release|Any CPU.ActiveCfg = Release|Any CPU
		{37C40B8B-39D1-4EEF-AA23-A6AEEBD1AE81}.Release|Any CPU.Build.0 = Release|Any CPU
		{048CAC94-EF9E-4DBC-9D4E-9B8776C37758}.Debug|Any CPU.ActiveCfg = Debug|Any CPU
		{048CAC94-EF9E-4DBC-9D4E-9B8776C37758}.Debug|Any CPU.Build.0 = Debug|Any CPU
		{048CAC94-EF9E-4DBC-9D4E-9B8776C37758}.Release|Any CPU.ActiveCfg = Release|Any CPU
		{048CAC94-EF9E-4DBC-9D4E-9B8776C37758}.Release|Any CPU.Build.0 = Release|Any CPU
	EndGlobalSection
	GlobalSection(SolutionProperties) = preSolution
		HideSolutionNode = FALSE
	EndGlobalSection
	GlobalSection(ExtensibilityGlobals) = postSolution
		SolutionGuid = {99BF34E0-3C7F-4419-B255-602DD5EF9060}
	EndGlobalSection
EndGlobal
