
Microsoft Visual Studio Solution File, Format Version 12.00
# Visual Studio Version 16
VisualStudioVersion = 16.0.31911.196
MinimumVisualStudioVersion = 10.0.40219.1
Project("{FAE04EC0-301F-11D3-BF4B-00C04F79EFBC}") = "Hometask_2", "Hometask_2\Hometask_2.csproj", "{31A6F283-03B8-495A-983D-EF0F8593D9C5}"
EndProject
Project("{FAE04EC0-301F-11D3-BF4B-00C04F79EFBC}") = "Task_2", "Task_2\Task_2.csproj", "{ED470AFE-E910-4A2D-86F1-EA1D87CF65BC}"
EndProject
Project("{FAE04EC0-301F-11D3-BF4B-00C04F79EFBC}") = "Task_3", "Task_3\Task_3.csproj", "{DEE53FB1-CB25-4A90-9267-6ACF1B61F05E}"
EndProject
Project("{FAE04EC0-301F-11D3-BF4B-00C04F79EFBC}") = "Task_4", "Task_4\Task_4.csproj", "{71C00521-C6D0-4FD3-B73D-BE6466125C62}"
EndProject
Global
	GlobalSection(SolutionConfigurationPlatforms) = preSolution
		Debug|Any CPU = Debug|Any CPU
		Release|Any CPU = Release|Any CPU
	EndGlobalSection
	GlobalSection(ProjectConfigurationPlatforms) = postSolution
		{31A6F283-03B8-495A-983D-EF0F8593D9C5}.Debug|Any CPU.ActiveCfg = Debug|Any CPU
		{31A6F283-03B8-495A-983D-EF0F8593D9C5}.Debug|Any CPU.Build.0 = Debug|Any CPU
		{31A6F283-03B8-495A-983D-EF0F8593D9C5}.Release|Any CPU.ActiveCfg = Release|Any CPU
		{31A6F283-03B8-495A-983D-EF0F8593D9C5}.Release|Any CPU.Build.0 = Release|Any CPU
		{ED470AFE-E910-4A2D-86F1-EA1D87CF65BC}.Debug|Any CPU.ActiveCfg = Debug|Any CPU
		{ED470AFE-E910-4A2D-86F1-EA1D87CF65BC}.Debug|Any CPU.Build.0 = Debug|Any CPU
		{ED470AFE-E910-4A2D-86F1-EA1D87CF65BC}.Release|Any CPU.ActiveCfg = Release|Any CPU
		{ED470AFE-E910-4A2D-86F1-EA1D87CF65BC}.Release|Any CPU.Build.0 = Release|Any CPU
		{DEE53FB1-CB25-4A90-9267-6ACF1B61F05E}.Debug|Any CPU.ActiveCfg = Debug|Any CPU
		{DEE53FB1-CB25-4A90-9267-6ACF1B61F05E}.Debug|Any CPU.Build.0 = Debug|Any CPU
		{DEE53FB1-CB25-4A90-9267-6ACF1B61F05E}.Release|Any CPU.ActiveCfg = Release|Any CPU
		{DEE53FB1-CB25-4A90-9267-6ACF1B61F05E}.Release|Any CPU.Build.0 = Release|Any CPU
		{71C00521-C6D0-4FD3-B73D-BE6466125C62}.Debug|Any CPU.ActiveCfg = Debug|Any CPU
		{71C00521-C6D0-4FD3-B73D-BE6466125C62}.Debug|Any CPU.Build.0 = Debug|Any CPU
		{71C00521-C6D0-4FD3-B73D-BE6466125C62}.Release|Any CPU.ActiveCfg = Release|Any CPU
		{71C00521-C6D0-4FD3-B73D-BE6466125C62}.Release|Any CPU.Build.0 = Release|Any CPU
	EndGlobalSection
	GlobalSection(SolutionProperties) = preSolution
		HideSolutionNode = FALSE
	EndGlobalSection
	GlobalSection(ExtensibilityGlobals) = postSolution
		SolutionGuid = {027B7150-1126-463E-9E7A-BB5FAD5EEB67}
	EndGlobalSection
EndGlobal
